// !$*UTF8*$!
{
	archiveVersion = 1;
	classes = {
	};
	objectVersion = 46;
	objects = {

/* Begin PBXBuildFile section */
		740237DC1E9E7444003862EB /* AppDelegate.swift in Sources */ = {isa = PBXBuildFile; fileRef = 740237DB1E9E7444003862EB /* AppDelegate.swift */; };
		740237DE1E9E7444003862EB /* ViewController.swift in Sources */ = {isa = PBXBuildFile; fileRef = 740237DD1E9E7444003862EB /* ViewController.swift */; };
		740237E11E9E7444003862EB /* Main.storyboard in Resources */ = {isa = PBXBuildFile; fileRef = 740237DF1E9E7444003862EB /* Main.storyboard */; };
		740237E31E9E7444003862EB /* Assets.xcassets in Resources */ = {isa = PBXBuildFile; fileRef = 740237E21E9E7444003862EB /* Assets.xcassets */; };
		740237E61E9E7444003862EB /* LaunchScreen.storyboard in Resources */ = {isa = PBXBuildFile; fileRef = 740237E41E9E7444003862EB /* LaunchScreen.storyboard */; };
/* End PBXBuildFile section */

/* Begin PBXFileReference section */
		740237D81E9E7444003862EB /* SimpleCV.app */ = {isa = PBXFileReference; explicitFileType = wrapper.application; includeInIndex = 0; path = SimpleCV.app; sourceTree = BUILT_PRODUCTS_DIR; };
		740237DB1E9E7444003862EB /* AppDelegate.swift */ = {isa = PBXFileReference; lastKnownFileType = sourcecode.swift; path = AppDelegate.swift; sourceTree = "<group>"; };
		740237DD1E9E7444003862EB /* ViewController.swift */ = {isa = PBXFileReference; lastKnownFileType = sourcecode.swift; path = ViewController.swift; sourceTree = "<group>"; };
		740237E01E9E7444003862EB /* Base */ = {isa = PBXFileReference; lastKnownFileType = file.storyboard; name = Base; path = Base.lproj/Main.storyboard; sourceTree = "<group>"; };
		740237E21E9E7444003862EB /* Assets.xcassets */ = {isa = PBXFileReference; lastKnownFileType = folder.assetcatalog; path = Assets.xcassets; sourceTree = "<group>"; };
		740237E51E9E7444003862EB /* Base */ = {isa = PBXFileReference; lastKnownFileType = file.storyboard; name = Base; path = Base.lproj/LaunchScreen.storyboard; sourceTree = "<group>"; };
		740237E71E9E7444003862EB /* Info.plist */ = {isa = PBXFileReference; lastKnownFileType = text.plist.xml; path = Info.plist; sourceTree = "<group>"; };
/* End PBXFileReference section */

/* Begin PBXFrameworksBuildPhase section */
		740237D51E9E7444003862EB /* Frameworks */ = {
			isa = PBXFrameworksBuildPhase;
			buildActionMask = 2147483647;
			files = (
			);
			runOnlyForDeploymentPostprocessing = 0;
		};
/* End PBXFrameworksBuildPhase section */

/* Begin PBXGroup section */
		740237CF1E9E7444003862EB = {
			isa = PBXGroup;
			children = (
				740237DA1E9E7444003862EB /* SimpleCV */,
				740237D91E9E7444003862EB /* Products */,
			);
			sourceTree = "<group>";
		};
		740237D91E9E7444003862EB /* Products */ = {
			isa = PBXGroup;
			children = (
				740237D81E9E7444003862EB /* SimpleCV.app */,
			);
			name = Products;
			sourceTree = "<group>";
		};
		740237DA1E9E7444003862EB /* SimpleCV */ = {
			isa = PBXGroup;
			children = (
				740237DB1E9E7444003862EB /* AppDelegate.swift */,
				740237DD1E9E7444003862EB /* ViewController.swift */,
				740237DF1E9E7444003862EB /* Main.storyboard */,
				740237E21E9E7444003862EB /* Assets.xcassets */,
				740237E41E9E7444003862EB /* LaunchScreen.storyboard */,
				740237E71E9E7444003862EB /* Info.plist */,
			);
			path = SimpleCV;
			sourceTree = "<group>";
		};
/* End PBXGroup section */

/* Begin PBXNativeTarget section */
		740237D71E9E7444003862EB /* SimpleCV */ = {
			isa = PBXNativeTarget;
			buildConfigurationList = 740237EA1E9E7444003862EB /* Build configuration list for PBXNativeTarget "SimpleCV" */;
			buildPhases = (
				740237D41E9E7444003862EB /* Sources */,
				740237D51E9E7444003862EB /* Frameworks */,
				740237D61E9E7444003862EB /* Resources */,
			);
			buildRules = (
			);
			dependencies = (
			);
			name = SimpleCV;
			productName = SimpleCV;
			productReference = 740237D81E9E7444003862EB /* SimpleCV.app */;
			productType = "com.apple.product-type.application";
		};
/* End PBXNativeTarget section */

/* Begin PBXProject section */
		740237D01E9E7444003862EB /* Project object */ = {
			isa = PBXProject;
			attributes = {
				LastSwiftUpdateCheck = 0820;
				LastUpgradeCheck = 0820;
				ORGANIZATIONNAME = Swiftbeard;
				TargetAttributes = {
					740237D71E9E7444003862EB = {
						CreatedOnToolsVersion = 8.2.1;
						DevelopmentTeam = BXEL354SU6;
						ProvisioningStyle = Automatic;
					};
				};
			};
			buildConfigurationList = 740237D31E9E7444003862EB /* Build configuration list for PBXProject "SimpleCV" */;
			compatibilityVersion = "Xcode 3.2";
			developmentRegion = English;
			hasScannedForEncodings = 0;
			knownRegions = (
				en,
				Base,
			);
			mainGroup = 740237CF1E9E7444003862EB;
			productRefGroup = 740237D91E9E7444003862EB /* Products */;
			projectDirPath = "";
			projectRoot = "";
			targets = (
				740237D71E9E7444003862EB /* SimpleCV */,
			);
		};
/* End PBXProject section */

/* Begin PBXResourcesBuildPhase section */
		740237D61E9E7444003862EB /* Resources */ = {
			isa = PBXResourcesBuildPhase;
			buildActionMask = 2147483647;
			files = (
				740237E61E9E7444003862EB /* LaunchScreen.storyboard in Resources */,
				740237E31E9E7444003862EB /* Assets.xcassets in Resources */,
				740237E11E9E7444003862EB /* Main.storyboard in Resources */,
			);
			runOnlyForDeploymentPostprocessing = 0;
		};
/* End PBXResourcesBuildPhase section */

/* Begin PBXSourcesBuildPhase section */
		740237D41E9E7444003862EB /* Sources */ = {
			isa = PBXSourcesBuildPhase;
			buildActionMask = 2147483647;
			files = (
				740237DE1E9E7444003862EB /* ViewController.swift in Sources */,
				740237DC1E9E7444003862EB /* AppDelegate.swift in Sources */,
			);
			runOnlyForDeploymentPostprocessing = 0;
		};
/* End PBXSourcesBuildPhase section */

/* Begin PBXVariantGroup section */
		740237DF1E9E7444003862EB /* Main.storyboard */ = {
			isa = PBXVariantGroup;
			children = (
				740237E01E9E7444003862EB /* Base */,
			);
			name = Main.storyboard;
			sourceTree = "<group>";
		};
		740237E41E9E7444003862EB /* LaunchScreen.storyboard */ = {
			isa = PBXVariantGroup;
			children = (
				740237E51E9E7444003862EB /* Base */,
			);
			name = LaunchScreen.storyboard;
			sourceTree = "<group>";
		};
/* End PBXVariantGroup section */

/* Begin XCBuildConfiguration section */
		740237E81E9E7444003862EB /* Debug */ = {
			isa = XCBuildConfiguration;
			buildSettings = {
				ALWAYS_SEARCH_USER_PATHS = NO;
				CLANG_ANALYZER_NONNULL = YES;
				CLANG_CXX_LANGUAGE_STANDARD = "gnu++0x";
				CLANG_CXX_LIBRARY = "libc++";
				CLANG_ENABLE_MODULES = YES;
				CLANG_ENABLE_OBJC_ARC = YES;
				CLANG_WARN_BOOL_CONVERSION = YES;
				CLANG_WARN_CONSTANT_CONVERSION = YES;
				CLANG_WARN_DIRECT_OBJC_ISA_USAGE = YES_ERROR;
				CLANG_WARN_DOCUMENTATION_COMMENTS = YES;
				CLANG_WARN_EMPTY_BODY = YES;
				CLANG_WARN_ENUM_CONVERSION = YES;
				CLANG_WARN_INFINITE_RECURSION = YES;
				CLANG_WARN_INT_CONVERSION = YES;
				CLANG_WARN_OBJC_ROOT_CLASS = YES_ERROR;
				CLANG_WARN_SUSPICIOUS_MOVE = YES;
				CLANG_WARN_UNREACHABLE_CODE = YES;
				CLANG_WARN__DUPLICATE_METHOD_MATCH = YES;
				"CODE_SIGN_IDENTITY[sdk=iphoneos*]" = "iPhone Developer";
				COPY_PHASE_STRIP = NO;
				DEBUG_INFORMATION_FORMAT = dwarf;
				ENABLE_STRICT_OBJC_MSGSEND = YES;
				ENABLE_TESTABILITY = YES;
				GCC_C_LANGUAGE_STANDARD = gnu99;
				GCC_DYNAMIC_NO_PIC = NO;
				GCC_NO_COMMON_BLOCKS = YES;
				GCC_OPTIMIZATION_LEVEL = 0;
				GCC_PREPROCESSOR_DEFINITIONS = (
					"DEBUG=1",
					"$(inherited)",
				);
				GCC_WARN_64_TO_32_BIT_CONVERSION = YES;
				GCC_WARN_ABOUT_RETURN_TYPE = YES_ERROR;
				GCC_WARN_UNDECLARED_SELECTOR = YES;
				GCC_WARN_UNINITIALIZED_AUTOS = YES_AGGRESSIVE;
				GCC_WARN_UNUSED_FUNCTION = YES;
				GCC_WARN_UNUSED_VARIABLE = YES;
				IPHONEOS_DEPLOYMENT_TARGET = 10.2;
				MTL_ENABLE_DEBUG_INFO = YES;
				ONLY_ACTIVE_ARCH = YES;
				SDKROOT = iphoneos;
				SWIFT_ACTIVE_COMPILATION_CONDITIONS = DEBUG;
				SWIFT_OPTIMIZATION_LEVEL = "-Onone";
				TARGETED_DEVICE_FAMILY = "1,2";
			};
			name = Debug;
		};
		740237E91E9E7444003862EB /* Release */ = {
			isa = XCBuildConfiguration;
			buildSettings = {
				ALWAYS_SEARCH_USER_PATHS = NO;
				CLANG_ANALYZER_NONNULL = YES;
				CLANG_CXX_LANGUAGE_STANDARD = "gnu++0x";
				CLANG_CXX_LIBRARY = "libc++";
				CLANG_ENABLE_MODULES = YES;
				CLANG_ENABLE_OBJC_ARC = YES;
				CLANG_WARN_BOOL_CONVERSION = YES;
				CLANG_WARN_CONSTANT_CONVERSION = YES;
				CLANG_WARN_DIRECT_OBJC_ISA_USAGE = YES_ERROR;
				CLANG_WARN_DOCUMENTATION_COMMENTS = YES;
				CLANG_WARN_EMPTY_BODY = YES;
				CLANG_WARN_ENUM_CONVERSION = YES;
				CLANG_WARN_INFINITE_RECURSION = YES;
				CLANG_WARN_INT_CONVERSION = YES;
				CLANG_WARN_OBJC_ROOT_CLASS = YES_ERROR;
				CLANG_WARN_SUSPICIOUS_MOVE = YES;
				CLANG_WARN_UNREACHABLE_CODE = YES;
				CLANG_WARN__DUPLICATE_METHOD_MATCH = YES;
				"CODE_SIGN_IDENTITY[sdk=iphoneos*]" = "iPhone Developer";
				COPY_PHASE_STRIP = NO;
				DEBUG_INFORMATION_FORMAT = "dwarf-with-dsym";
				ENABLE_NS_ASSERTIONS = NO;
				ENABLE_STRICT_OBJC_MSGSEND = YES;
				GCC_C_LANGUAGE_STANDARD = gnu99;
				GCC_NO_COMMON_BLOCKS = YES;
				GCC_WARN_64_TO_32_BIT_CONVERSION = YES;
				GCC_WARN_ABOUT_RETURN_TYPE = YES_ERROR;
				GCC_WARN_UNDECLARED_SELECTOR = YES;
				GCC_WARN_UNINITIALIZED_AUTOS = YES_AGGRESSIVE;
				GCC_WARN_UNUSED_FUNCTION = YES;
				GCC_WARN_UNUSED_VARIABLE = YES;
				IPHONEOS_DEPLOYMENT_TARGET = 10.2;
				MTL_ENABLE_DEBUG_INFO = NO;
				SDKROOT = iphoneos;
				SWIFT_OPTIMIZATION_LEVEL = "-Owholemodule";
				TARGETED_DEVICE_FAMILY = "1,2";
				VALIDATE_PRODUCT = YES;
			};
			name = Release;
		};
		740237EB1E9E7444003862EB /* Debug */ = {
			isa = XCBuildConfiguration;
			buildSettings = {
				ASSETCATALOG_COMPILER_APPICON_NAME = AppIcon;
				DEVELOPMENT_TEAM = BXEL354SU6;
				INFOPLIST_FILE = SimpleCV/Info.plist;
				LD_RUNPATH_SEARCH_PATHS = "$(inherited) @executable_path/Frameworks";
				PRODUCT_BUNDLE_IDENTIFIER = com.swiftbeard.SimpleCV;
				PRODUCT_NAME = "$(TARGET_NAME)";
				SWIFT_VERSION = 3.0;
			};
			name = Debug;
		};
		740237EC1E9E7444003862EB /* Release */ = {
			isa = XCBuildConfiguration;
			buildSettings = {
				ASSETCATALOG_COMPILER_APPICON_NAME = AppIcon;
				DEVELOPMENT_TEAM = BXEL354SU6;
				INFOPLIST_FILE = SimpleCV/Info.plist;
				LD_RUNPATH_SEARCH_PATHS = "$(inherited) @executable_path/Frameworks";
				PRODUCT_BUNDLE_IDENTIFIER = com.swiftbeard.SimpleCV;
				PRODUCT_NAME = "$(TARGET_NAME)";
				SWIFT_VERSION = 3.0;
			};
			name = Release;
		};
/* End XCBuildConfiguration section */

/* Begin XCConfigurationList section */
		740237D31E9E7444003862EB /* Build configuration list for PBXProject "SimpleCV" */ = {
			isa = XCConfigurationList;
			buildConfigurations = (
				740237E81E9E7444003862EB /* Debug */,
				740237E91E9E7444003862EB /* Release */,
			);
			defaultConfigurationIsVisible = 0;
			defaultConfigurationName = Release;
		};
		740237EA1E9E7444003862EB /* Build configuration list for PBXNativeTarget "SimpleCV" */ = {
			isa = XCConfigurationList;
			buildConfigurations = (
				740237EB1E9E7444003862EB /* Debug */,
				740237EC1E9E7444003862EB /* Release */,
			);
			defaultConfigurationIsVisible = 0;
		};
/* End XCConfigurationList section */
	};
	rootObject = 740237D01E9E7444003862EB /* Project object */;
}
